github.com/aws/aws-sdk-go-v2 v1.32.3 h1:T0dRlFBKcdaUPGNtkBSwHZxrtis8CQU17UpNBZYd0wk=
github.com/aws/aws-sdk-go-v2 v1.32.3/go.mod h1:2SK5n0a2karNTv5tbP1SjsX0uhttou00v/HpXKM1ZUo=
github.com/aws/aws-sdk-go-v2/credentials v1.17.42 h1:sBP0RPjBU4neGpIYyx8mkU2QqLPl5u9cmdTWVzIpHkM=
github.com/aws/aws-sdk-go-v2/credentials v1.17.42/go.mod h1:FwZBfU530dJ26rv9saAbxa9Ej3eF/AK0OAY86k13n4M=
github.com/aws/aws-sdk-go-v2/internal/configsources v1.3.22 h1:Jw50LwEkVjuVzE1NzkhNKkBf9cRN7MtE1F/b2cOKTUM=
github.com/aws/aws-sdk-go-v2/internal/configsources v1.3.22/go.mod h1:Y/SmAyPcOTmpeVaWSzSKiILfXTVJwrGmYZhcRbhWuEY=
github.com/aws/aws-sdk-go-v2/internal/endpoints/v2 v2.6.22 h1:981MHwBaRZM7+9QSR6XamDzF/o7ouUGxFzr+nVSIhrs=
github.com/aws/aws-sdk-go-v2/internal/endpoints/v2 v2.6.22/go.mod h1:1RA1+aBEfn+CAB/Mh0MB6LsdCYCnjZm7tKXtnk499ZQ=
github.com/aws/aws-sdk-go-v2/service/sqs v1.36.3 h1:H1bCg79Q4PDtxQH8Fn5kASQlbVv2WGP5o5IEFEBNOAs=
github.com/aws/aws-sdk-go-v2/service/sqs v1.36.3/go.mod h1:W6Uy6OWgxF9RZuHoikthB6f+A0oYXqnfWmFl5m7E2G4=
github.com/aws/smithy-go v1.22.0 h1:uunKnWlcoL3zO7q+gG2Pk53joueEOsnNB28QdMsmiMM=
github.com/aws/smithy-go v1.22.0/go.mod h1:irrKGvNn1InZwb2d7fkIRNucdfwR8R+Ts3wxYa/cJHg=
github.com/dr3dnought/gospadi v0.0.0-20241020093613-f1bee3b49af4 h1:m5a3sz/MBH1MTj6F8e+jnjpaYqik0sOuK2GO6ZZ1aAA=
github.com/dr3dnought/gospadi v0.0.0-20241020093613-f1bee3b49af4/go.mod h1:I4yd8FydfKC19gaBv8/QkMJxie7KAIAL2+0eu+mEEdk=
github.com/dr3dnought/quequetypes v0.0.0-20241104144909-fa0dd3ac5ab5 h1:uiUDYSpFqvWtSVeBHAohY+6VMP+e7I1kgLAp+6kQAzs=
github.com/dr3dnought/quequetypes v0.0.0-20241104144909-fa0dd3ac5ab5/go.mod h1:DXyINBDuL0CnJ+ZLRsrZ0QXK5PapsQUG9wByjbtH11I=
github.com/dr3dnought/quequetypes v0.0.0-20241104145147-b483c4925147 h1:PxOt/gCND31Gak9U7kGFwfEODTFUR1kZaiMyq16krYA=
github.com/dr3dnought/quequetypes v0.0.0-20241104145147-b483c4925147/go.mod h1:DXyINBDuL0CnJ+ZLRsrZ0QXK5PapsQUG9wByjbtH11I=
github.com/google/go-cmp v0.5.5 h1:Khx7svrCpmxxtHBq5j2mp/xVjsi8hQMfNLvJFAlrGgU=
github.com/google/go-cmp v0.5.5/go.mod h1:v8dTdLbMG2kIc/vJvl+f65V22dbkXbowE6jgT/gNBxE=
github.com/google/uuid v1.6.0 h1:NIvaJDMOsjHA8n1jAhLSgzrAzy1Hgr+hNrb57e+94F0=
github.com/google/uuid v1.6.0/go.mod h1:TIyPZe4MgqvfeYDBFedMoGGpEw/LqOeaOT+nhxU+yHo=
golang.org/x/xerrors v0.0.0-20191204190536-9bdfabe68543 h1:E7g+9GITq07hpfrRu66IVDexMakfv52eLZ2CXBWiKr4=
golang.org/x/xerrors v0.0.0-20191204190536-9bdfabe68543/go.mod h1:I/5z698sn9Ka8TeJc9MKroUUfqBBauWjQqLJ2OPfmY0=
google.golang.org/protobuf v1.35.1 h1:m3LfL6/Ca+fqnjnlqQXNpFPABW1UD7mjh8KO2mKFytA=
google.golang.org/protobuf v1.35.1/go.mod h1:9fA7Ob0pmnwhb644+1+CVWFRbNajQ6iRojtC/QF5bRE=
